<Solution>
  <Project Path="src/Obicon.Shared/Obicon.Shared.csproj" />
  <Project Path="src/Obicon.Server/Obicon.Server.csproj" />
  <Project Path="src/Obicon.Node/Obicon.Node.csproj" />
  <Project Path="src/Obicon.Client/Obicon.Client.csproj" />
  <Project Path="tests/Obicon.Server.Tests/Obicon.Server.Tests.csproj" />
  <Project Path="tests/Obicon.Node.Tests/Obicon.Node.Tests.csproj" />
  <Project Path="tests/Obicon.Integration.Tests/Obicon.Integration.Tests.csproj" />
</Solution>
